{
  "name": "musical-instrument",
  "version": "1.2.0",
  "lockfileVersion": 1,
  "requires": true,
  "dependencies": {
    "musical-notation": {
      "version": "1.4.0",
      "resolved": "https://registry.npmjs.org/musical-notation/-/musical-notation-1.4.0.tgz",
      "integrity": "sha512-J+sPzLhnNe1cVNR6x64pJI0ecgGlC7TEwsOcZXiWYHB0r1/hMXR6deqyud2OGbM6/7XUzD6e/S8x6yjjnSa4gw=="
    },
    "tone": {
      "version": "0.12.80",
      "resolved": "http://registry.npmjs.org/tone/-/tone-0.12.80.tgz",
      "integrity": "sha512-xCriTn1may1ZzfYYwxXW8pNj0W1XScc21ZLSd/itoTa3s0vMO1LlN23UYvHwUduL45xuY+Rw/e87LmqP3mW43Q=="
    }
  }
}
